
Microsoft Visual Studio Solution File, Format Version 12.00
# Visual Studio 15
VisualStudioVersion = 15.0.28010.2041
MinimumVisualStudioVersion = 10.0.40219.1
Project("{9A19103F-16F7-4668-BE54-9A1E7A4F7556}") = "Educabot", "Educabot\Educabot.csproj", "{D69196EB-057A-4328-A586-9BD9DC6EF23E}"
EndProject
Global
	GlobalSection(SolutionConfigurationPlatforms) = preSolution
		Debug|Any CPU = Debug|Any CPU
		Release|Any CPU = Release|Any CPU
	EndGlobalSection
	GlobalSection(ProjectConfigurationPlatforms) = postSolution
		{D69196EB-057A-4328-A586-9BD9DC6EF23E}.Debug|Any CPU.ActiveCfg = Debug|Any CPU
		{D69196EB-057A-4328-A586-9BD9DC6EF23E}.Debug|Any CPU.Build.0 = Debug|Any CPU
		{D69196EB-057A-4328-A586-9BD9DC6EF23E}.Release|Any CPU.ActiveCfg = Release|Any CPU
		{D69196EB-057A-4328-A586-9BD9DC6EF23E}.Release|Any CPU.Build.0 = Release|Any CPU
	EndGlobalSection
	GlobalSection(SolutionProperties) = preSolution
		HideSolutionNode = FALSE
	EndGlobalSection
	GlobalSection(ExtensibilityGlobals) = postSolution
		SolutionGuid = {82DCC226-EC9B-4B46-BCA5-5BAFF649D035}
	EndGlobalSection
EndGlobal
